
Microsoft Visual Studio Solution File, Format Version 12.00
# Visual Studio Version 17
VisualStudioVersion = 17.6.33829.357
MinimumVisualStudioVersion = 10.0.40219.1
Project("{9A19103F-16F7-4668-BE54-9A1E7A4F7556}") = "UnitTestingBank", "UnitTestingBank\UnitTestingBank.csproj", "{4BC18D4A-99D0-4BA2-B6EA-C92CBA15102B}"
EndProject
Project("{FAE04EC0-301F-11D3-BF4B-00C04F79EFBC}") = "BankTests", "BankTests\BankTests.csproj", "{AC17CC06-AA40-4AC3-BCD7-95B5A4924AA2}"
EndProject
Project("{FAE04EC0-301F-11D3-BF4B-00C04F79EFBC}") = "MockObject", "MockObject\MockObject.csproj", "{3C96E9FF-0D44-49B6-910B-3BAF49C86C0D}"
EndProject
Project("{FAE04EC0-301F-11D3-BF4B-00C04F79EFBC}") = "TestProjectForAMockObject", "TestProjectForAMockObject\TestProjectForAMockObject.csproj", "{50071F05-45C3-4E89-B458-4862B6FAB8DC}"
EndProject
Global
	GlobalSection(SolutionConfigurationPlatforms) = preSolution
		Debug|Any CPU = Debug|Any CPU
		Release|Any CPU = Release|Any CPU
	EndGlobalSection
	GlobalSection(ProjectConfigurationPlatforms) = postSolution
		{4BC18D4A-99D0-4BA2-B6EA-C92CBA15102B}.Debug|Any CPU.ActiveCfg = Debug|Any CPU
		{4BC18D4A-99D0-4BA2-B6EA-C92CBA15102B}.Debug|Any CPU.Build.0 = Debug|Any CPU
		{4BC18D4A-99D0-4BA2-B6EA-C92CBA15102B}.Release|Any CPU.ActiveCfg = Release|Any CPU
		{4BC18D4A-99D0-4BA2-B6EA-C92CBA15102B}.Release|Any CPU.Build.0 = Release|Any CPU
		{AC17CC06-AA40-4AC3-BCD7-95B5A4924AA2}.Debug|Any CPU.ActiveCfg = Debug|Any CPU
		{AC17CC06-AA40-4AC3-BCD7-95B5A4924AA2}.Debug|Any CPU.Build.0 = Debug|Any CPU
		{AC17CC06-AA40-4AC3-BCD7-95B5A4924AA2}.Release|Any CPU.ActiveCfg = Release|Any CPU
		{AC17CC06-AA40-4AC3-BCD7-95B5A4924AA2}.Release|Any CPU.Build.0 = Release|Any CPU
		{3C96E9FF-0D44-49B6-910B-3BAF49C86C0D}.Debug|Any CPU.ActiveCfg = Debug|Any CPU
		{3C96E9FF-0D44-49B6-910B-3BAF49C86C0D}.Debug|Any CPU.Build.0 = Debug|Any CPU
		{3C96E9FF-0D44-49B6-910B-3BAF49C86C0D}.Release|Any CPU.ActiveCfg = Release|Any CPU
		{3C96E9FF-0D44-49B6-910B-3BAF49C86C0D}.Release|Any CPU.Build.0 = Release|Any CPU
		{50071F05-45C3-4E89-B458-4862B6FAB8DC}.Debug|Any CPU.ActiveCfg = Debug|Any CPU
		{50071F05-45C3-4E89-B458-4862B6FAB8DC}.Debug|Any CPU.Build.0 = Debug|Any CPU
		{50071F05-45C3-4E89-B458-4862B6FAB8DC}.Release|Any CPU.ActiveCfg = Release|Any CPU
		{50071F05-45C3-4E89-B458-4862B6FAB8DC}.Release|Any CPU.Build.0 = Release|Any CPU
	EndGlobalSection
	GlobalSection(SolutionProperties) = preSolution
		HideSolutionNode = FALSE
	EndGlobalSection
	GlobalSection(ExtensibilityGlobals) = postSolution
		SolutionGuid = {620B0287-F55D-471E-822D-ED582550D414}
	EndGlobalSection
EndGlobal
